
Microsoft Visual Studio Solution File, Format Version 12.00
# Visual Studio Version 17
VisualStudioVersion = 17.4.33205.214
MinimumVisualStudioVersion = 10.0.40219.1
Project("{FAE04EC0-301F-11D3-BF4B-00C04F79EFBC}") = "CompanieZbor", "CompanieZbor.csproj", "{AFF8BEA7-2339-4730-AA6D-814E30BC8553}"
EndProject
Global
	GlobalSection(SolutionConfigurationPlatforms) = preSolution
		Debug|Any CPU = Debug|Any CPU
		Release|Any CPU = Release|Any CPU
	EndGlobalSection
	GlobalSection(ProjectConfigurationPlatforms) = postSolution
		{AFF8BEA7-2339-4730-AA6D-814E30BC8553}.Debug|Any CPU.ActiveCfg = Debug|Any CPU
		{AFF8BEA7-2339-4730-AA6D-814E30BC8553}.Debug|Any CPU.Build.0 = Debug|Any CPU
		{AFF8BEA7-2339-4730-AA6D-814E30BC8553}.Release|Any CPU.ActiveCfg = Release|Any CPU
		{AFF8BEA7-2339-4730-AA6D-814E30BC8553}.Release|Any CPU.Build.0 = Release|Any CPU
	EndGlobalSection
	GlobalSection(SolutionProperties) = preSolution
		HideSolutionNode = FALSE
	EndGlobalSection
	GlobalSection(ExtensibilityGlobals) = postSolution
		SolutionGuid = {02C2061D-3363-425E-816F-3C72D1A9A941}
	EndGlobalSection
EndGlobal
